# SPDX-License-Identifier: Apache-2.0

name: Lock File Validation

on:
  push:
    branches:
      - "main"
    paths:
      - 'pyproject.toml'
      - 'uv.lock'
      - '.github/workflows/lock.yml'
  pull_request:
    branches:
      - "main"
    paths:
      - 'pyproject.toml'
      - 'uv.lock'
      - '.github/workflows/lock.yml'

concurrency:
  group: ${{ github.workflow }}-${{ github.ref }}
  cancel-in-progress: true

env:
  LC_ALL: en_US.UTF-8

defaults:
  run:
    shell: bash

permissions:
  contents: read

jobs:
  validate-lock:
    name: "Validate uv.lock"
    runs-on: ubuntu-latest
    steps:
      - name: "Harden Runner"
        uses: step-security/harden-runner@fa2e9d605c4eeb9fcad4c99c224cee0c6c7f3594 # v2.16.0
        with:
          egress-policy: audit

      - name: Checkout
        uses: actions/checkout@de0fac2e4500dabe0009e67214ff5f5447ce83dd # v6.0.2

      - name: Setup uv
        uses: astral-sh/setup-uv@37802adc94f370d6bfd71619e3f0bf239e1f3b78 # v7.6.0

      - name: Check lock file is up to date
        run: uv lock --check
